
Microsoft Visual Studio Solution File, Format Version 11.00
# Visual Studio 2010
Project("{8BC9CEB8-8B4A-11D0-8D11-00A0C91BC942}") = "clockwise_Traverse_array", "clockwise_Traverse_array.vcxproj", "{C1A036EF-A1CE-49A9-8D31-C9A34E2A3D12}"
EndProject
Global
	GlobalSection(SolutionConfigurationPlatforms) = preSolution
		Debug|Win32 = Debug|Win32
		Release|Win32 = Release|Win32
	EndGlobalSection
	GlobalSection(ProjectConfigurationPlatforms) = postSolution
		{C1A036EF-A1CE-49A9-8D31-C9A34E2A3D12}.Debug|Win32.ActiveCfg = Debug|Win32
		{C1A036EF-A1CE-49A9-8D31-C9A34E2A3D12}.Debug|Win32.Build.0 = Debug|Win32
		{C1A036EF-A1CE-49A9-8D31-C9A34E2A3D12}.Release|Win32.ActiveCfg = Release|Win32
		{C1A036EF-A1CE-49A9-8D31-C9A34E2A3D12}.Release|Win32.Build.0 = Release|Win32
	EndGlobalSection
	GlobalSection(SolutionProperties) = preSolution
		HideSolutionNode = FALSE
	EndGlobalSection
EndGlobal
